
Microsoft Visual Studio Solution File, Format Version 12.00
# Visual Studio 15
VisualStudioVersion = 15.0.28010.2016
MinimumVisualStudioVersion = 10.0.40219.1
Project("{FAE04EC0-301F-11D3-BF4B-00C04F79EFBC}") = "appBrownie", "appBrownie\appBrownie.csproj", "{EDB4C132-1A0B-4155-B3C9-6211EF799934}"
EndProject
Global
	GlobalSection(SolutionConfigurationPlatforms) = preSolution
		Debug|Any CPU = Debug|Any CPU
		Release|Any CPU = Release|Any CPU
	EndGlobalSection
	GlobalSection(ProjectConfigurationPlatforms) = postSolution
		{EDB4C132-1A0B-4155-B3C9-6211EF799934}.Debug|Any CPU.ActiveCfg = Debug|Any CPU
		{EDB4C132-1A0B-4155-B3C9-6211EF799934}.Debug|Any CPU.Build.0 = Debug|Any CPU
		{EDB4C132-1A0B-4155-B3C9-6211EF799934}.Release|Any CPU.ActiveCfg = Release|Any CPU
		{EDB4C132-1A0B-4155-B3C9-6211EF799934}.Release|Any CPU.Build.0 = Release|Any CPU
	EndGlobalSection
	GlobalSection(SolutionProperties) = preSolution
		HideSolutionNode = FALSE
	EndGlobalSection
	GlobalSection(ExtensibilityGlobals) = postSolution
		SolutionGuid = {E91A327E-E350-427F-9A5D-5930B8E390DE}
	EndGlobalSection
EndGlobal
